
Microsoft Visual Studio Solution File, Format Version 12.00
# Visual Studio Version 17
VisualStudioVersion = 17.8.34316.72
MinimumVisualStudioVersion = 10.0.40219.1
Project("{FAE04EC0-301F-11D3-BF4B-00C04F79EFBC}") = "FilmesApi", "FilmesApi\FilmesApi.csproj", "{03075311-9DAF-44B3-BA1F-F90070A6759D}"
EndProject
Global
	GlobalSection(SolutionConfigurationPlatforms) = preSolution
		Debug|Any CPU = Debug|Any CPU
		Release|Any CPU = Release|Any CPU
	EndGlobalSection
	GlobalSection(ProjectConfigurationPlatforms) = postSolution
		{03075311-9DAF-44B3-BA1F-F90070A6759D}.Debug|Any CPU.ActiveCfg = Debug|Any CPU
		{03075311-9DAF-44B3-BA1F-F90070A6759D}.Debug|Any CPU.Build.0 = Debug|Any CPU
		{03075311-9DAF-44B3-BA1F-F90070A6759D}.Release|Any CPU.ActiveCfg = Release|Any CPU
		{03075311-9DAF-44B3-BA1F-F90070A6759D}.Release|Any CPU.Build.0 = Release|Any CPU
	EndGlobalSection
	GlobalSection(SolutionProperties) = preSolution
		HideSolutionNode = FALSE
	EndGlobalSection
	GlobalSection(ExtensibilityGlobals) = postSolution
		SolutionGuid = {6E4004F6-0C10-46A2-88A6-030EE28FEB54}
	EndGlobalSection
EndGlobal
